<?xml version="1.0" encoding="utf-8"?>
<Project ToolsVersion="4.0" xmlns="http://schemas.microsoft.com/developer/msbuild/2003">
  <ItemGroup>
    <Filter Include="Source Files">
      <UniqueIdentifier>{4FC737F1-C7A5-4376-A066-2A32D752A2FF}</UniqueIdentifier>
      <Extensions>cpp;c;cc;cxx;def;odl;idl;hpj;bat;asm;asmx</Extensions>
    </Filter>
    <Filter Include="Header Files">
      <UniqueIdentifier>{93995380-89BD-4b04-88EB-625FBE52EBFB}</UniqueIdentifier>
      <Extensions>h;hh;hpp;hxx;hm;inl;inc;xsd</Extensions>
    </Filter>
    <Filter Include="Resource Files">
      <UniqueIdentifier>{67DA6AB6-F800-4c08-8B7A-83BB121AAD01}</UniqueIdentifier>
      <Extensions>rc;ico;cur;bmp;dlg;rc2;rct;bin;rgs;gif;jpg;jpeg;jpe;resx;tiff;tif;png;wav</Extensions>
    </Filter>
  </ItemGroup>
  <ItemGroup>
    <ClCompile Include="lecture 1\evenOrodd.cpp">
      <Filter>Source Files</Filter>
    </ClCompile>
    <ClCompile Include="lecture 1\LargestNumbers.cpp">
      <Filter>Source Files</Filter>
    </ClCompile>
    <ClCompile Include="lecture 1\multiple.cpp">
      <Filter>Source Files</Filter>
    </ClCompile>
    <ClCompile Include="lecture 1\naturalnubers.cpp">
      <Filter>Source Files</Filter>
    </ClCompile>
    <ClCompile Include="lecture 1\sum.cpp">
      <Filter>Source Files</Filter>
    </ClCompile>
    <ClCompile Include="lecture 1\sumNaturalnumbers.cpp">
      <Filter>Source Files</Filter>
    </ClCompile>
    <ClCompile Include="lecture 10\array.cpp">
      <Filter>Source Files</Filter>
    </ClCompile>
    <ClCompile Include="lecture 10\binarySearch.cpp">
      <Filter>Source Files</Filter>
    </ClCompile>
    <ClCompile Include="lecture 10\inputArray.cpp">
      <Filter>Source Files</Filter>
    </ClCompile>
    <ClCompile Include="lecture 10\maximumArray.cpp">
      <Filter>Source Files</Filter>
    </ClCompile>
    <ClCompile Include="lecture 10\tempCodeRunnerFile.cpp">
      <Filter>Source Files</Filter>
    </ClCompile>
    <ClCompile Include="lecture 11\maxSubarray.cpp">
      <Filter>Source Files</Filter>
    </ClCompile>
    <ClCompile Include="lecture 11\Subarray.cpp">
      <Filter>Source Files</Filter>
    </ClCompile>
    <ClCompile Include="lecture 12\bubbleSort.cpp">
      <Filter>Source Files</Filter>
    </ClCompile>
    <ClCompile Include="lecture 12\insertionSort.cpp">
      <Filter>Source Files</Filter>
    </ClCompile>
    <ClCompile Include="lecture 12\selectionSort.cpp">
      <Filter>Source Files</Filter>
    </ClCompile>
    <ClCompile Include="lecture 12\practice ques\descBubbleSort.cpp">
      <Filter>Source Files</Filter>
    </ClCompile>
    <ClCompile Include="lecture 12\practice ques\descInsertionSort.cpp">
      <Filter>Source Files</Filter>
    </ClCompile>
    <ClCompile Include="lecture 12\practice ques\descSelectionsort.cpp">
      <Filter>Source Files</Filter>
    </ClCompile>
    <ClCompile Include="lecture 13\1SearchIndex.cpp">
      <Filter>Source Files</Filter>
    </ClCompile>
    <ClCompile Include="lecture 13\1spiralMatrix.cpp">
      <Filter>Source Files</Filter>
    </ClCompile>
    <ClCompile Include="lecture 13\2Darray.cpp">
      <Filter>Source Files</Filter>
    </ClCompile>
    <ClCompile Include="lecture 13\inputAndoutput.cpp">
      <Filter>Source Files</Filter>
    </ClCompile>
    <ClCompile Include="lecture 13\SearchinSortedMatrix.cpp">
      <Filter>Source Files</Filter>
    </ClCompile>
    <ClCompile Include="lecture 13\spiralMatrix.cpp">
      <Filter>Source Files</Filter>
    </ClCompile>
    <ClCompile Include="lecture 14\reversechar.cpp">
      <Filter>Source Files</Filter>
    </ClCompile>
    <ClCompile Include="lecture 14\toLowercase.cpp">
      <Filter>Source Files</Filter>
    </ClCompile>
    <ClCompile Include="lecture 14\toUppercase.cpp">
      <Filter>Source Files</Filter>
    </ClCompile>
    <ClCompile Include="lecture 14\validPalindrome.cpp">
      <Filter>Source Files</Filter>
    </ClCompile>
    <ClCompile Include="lecture 15\sumpair.cpp">
      <Filter>Source Files</Filter>
    </ClCompile>
    <ClCompile Include="lecture 16\1.cpp">
      <Filter>Source Files</Filter>
    </ClCompile>
    <ClCompile Include="lecture 16\1powerOf2.cpp">
      <Filter>Source Files</Filter>
    </ClCompile>
    <ClCompile Include="lecture 16\clearIthbit.cpp">
      <Filter>Source Files</Filter>
    </ClCompile>
    <ClCompile Include="lecture 16\getItnbit.cpp">
      <Filter>Source Files</Filter>
    </ClCompile>
    <ClCompile Include="lecture 16\oddOrEven.cpp">
      <Filter>Source Files</Filter>
    </ClCompile>
    <ClCompile Include="lecture 16\powerOf2.cpp">
      <Filter>Source Files</Filter>
    </ClCompile>
    <ClCompile Include="lecture 16\setIthbit.cpp">
      <Filter>Source Files</Filter>
    </ClCompile>
    <ClCompile Include="lecture 16\updateIthbit.cpp">
      <Filter>Source Files</Filter>
    </ClCompile>
    <ClCompile Include="lecture 17\class.cpp">
      <Filter>Source Files</Filter>
    </ClCompile>
    <ClCompile Include="lecture 17\class1.cpp">
      <Filter>Source Files</Filter>
    </ClCompile>
    <ClCompile Include="lecture 17\class2.cpp">
      <Filter>Source Files</Filter>
    </ClCompile>
    <ClCompile Include="lecture 17\practice.cpp">
      <Filter>Source Files</Filter>
    </ClCompile>
    <ClCompile Include="lecture 18\1.cpp">
      <Filter>Source Files</Filter>
    </ClCompile>
    <ClCompile Include="lecture 18\operatorOverloading.cpp">
      <Filter>Source Files</Filter>
    </ClCompile>
    <ClCompile Include="lecture 18\practice ques\1.cpp">
      <Filter>Source Files</Filter>
    </ClCompile>
    <ClCompile Include="lecture 18\practice ques\2.cpp">
      <Filter>Source Files</Filter>
    </ClCompile>
    <ClCompile Include="lecture 18\practice ques\3.cpp">
      <Filter>Source Files</Filter>
    </ClCompile>
    <ClCompile Include="lecture 18\practice ques\4.cpp">
      <Filter>Source Files</Filter>
    </ClCompile>
    <ClCompile Include="lecture 18\practice ques\5.cpp">
      <Filter>Source Files</Filter>
    </ClCompile>
    <ClCompile Include="lecture 18\practice ques\6.cpp">
      <Filter>Source Files</Filter>
    </ClCompile>
    <ClCompile Include="lecture 19\1.cpp">
      <Filter>Source Files</Filter>
    </ClCompile>
    <ClCompile Include="lecture 19\arrayIssorted.cpp">
      <Filter>Source Files</Filter>
    </ClCompile>
    <ClCompile Include="lecture 19\fact.cpp">
      <Filter>Source Files</Filter>
    </ClCompile>
    <ClCompile Include="lecture 19\firstOccu.cpp">
      <Filter>Source Files</Filter>
    </ClCompile>
    <ClCompile Include="lecture 19\LastOccur.cpp">
      <Filter>Source Files</Filter>
    </ClCompile>
    <ClCompile Include="lecture 19\nthFibonacci.cpp">
      <Filter>Source Files</Filter>
    </ClCompile>
    <ClCompile Include="lecture 19\numberInDecreasingOrder.cpp">
      <Filter>Source Files</Filter>
    </ClCompile>
    <ClCompile Include="lecture 19\sumOfNnumbers.cpp">
      <Filter>Source Files</Filter>
    </ClCompile>
    <ClCompile Include="lecture 19\xPowerN.cpp">
      <Filter>Source Files</Filter>
    </ClCompile>
    <ClCompile Include="lecture 19\practice ques\1.cpp">
      <Filter>Source Files</Filter>
    </ClCompile>
    <ClCompile Include="lecture 19\practice ques\arraySorted.cpp">
      <Filter>Source Files</Filter>
    </ClCompile>
    <ClCompile Include="lecture 19\practice ques\decreasing.cpp">
      <Filter>Source Files</Filter>
    </ClCompile>
    <ClCompile Include="lecture 19\practice ques\Decreasing1.cpp">
      <Filter>Source Files</Filter>
    </ClCompile>
    <ClCompile Include="lecture 19\practice ques\fact.cpp">
      <Filter>Source Files</Filter>
    </ClCompile>
    <ClCompile Include="lecture 19\practice ques\firstOccurance.cpp">
      <Filter>Source Files</Filter>
    </ClCompile>
    <ClCompile Include="lecture 19\practice ques\nthfib.cpp">
      <Filter>Source Files</Filter>
    </ClCompile>
    <ClCompile Include="lecture 19\practice ques\sum.cpp">
      <Filter>Source Files</Filter>
    </ClCompile>
    <ClCompile Include="lecture 19\practice ques\sumOfFibnumbers.cpp">
      <Filter>Source Files</Filter>
    </ClCompile>
    <ClCompile Include="lecture 19\practice ques\sumOfNaturalNumbers.cpp">
      <Filter>Source Files</Filter>
    </ClCompile>
    <ClCompile Include="lecture 19\practice ques\tempCodeRunnerFile.cpp">
      <Filter>Source Files</Filter>
    </ClCompile>
    <ClCompile Include="lecture 2\costs.cpp">
      <Filter>Source Files</Filter>
    </ClCompile>
    <ClCompile Include="lecture 2\macros.cpp">
      <Filter>Source Files</Filter>
    </ClCompile>
    <ClCompile Include="lecture 2\square.cpp">
      <Filter>Source Files</Filter>
    </ClCompile>
    <ClCompile Include="lecture 20\binaryString.cpp">
      <Filter>Source Files</Filter>
    </ClCompile>
    <ClCompile Include="lecture 20\friendsPairing.cpp">
      <Filter>Source Files</Filter>
    </ClCompile>
    <ClCompile Include="lecture 20\string.cpp">
      <Filter>Source Files</Filter>
    </ClCompile>
    <ClCompile Include="lecture 20\tilingProblem.cpp">
      <Filter>Source Files</Filter>
    </ClCompile>
    <ClCompile Include="lecture 21\binarySearch.cpp">
      <Filter>Source Files</Filter>
    </ClCompile>
    <ClCompile Include="lecture 21\linerSearch.cpp">
      <Filter>Source Files</Filter>
    </ClCompile>
    <ClCompile Include="lecture 21\mergeSort.cpp">
      <Filter>Source Files</Filter>
    </ClCompile>
    <ClCompile Include="lecture 21\quickSort.cpp">
      <Filter>Source Files</Filter>
    </ClCompile>
    <ClCompile Include="lecture 24\1.cpp">
      <Filter>Source Files</Filter>
    </ClCompile>
    <ClCompile Include="lecture 24\2.cpp">
      <Filter>Source Files</Filter>
    </ClCompile>
    <ClCompile Include="lecture 24\backtrackOn.cpp">
      <Filter>Source Files</Filter>
    </ClCompile>
    <ClCompile Include="lecture 24\BacktrackOnArray.cpp">
      <Filter>Source Files</Filter>
    </ClCompile>
    <ClCompile Include="lecture 24\gridWays.cpp">
      <Filter>Source Files</Filter>
    </ClCompile>
    <ClCompile Include="lecture 24\nQueens.cpp">
      <Filter>Source Files</Filter>
    </ClCompile>
    <ClCompile Include="lecture 24\nQueens1.cpp">
      <Filter>Source Files</Filter>
    </ClCompile>
    <ClCompile Include="lecture 24\permutations.cpp">
      <Filter>Source Files</Filter>
    </ClCompile>
    <ClCompile Include="lecture 24\subset.cpp">
      <Filter>Source Files</Filter>
    </ClCompile>
    <ClCompile Include="lecture 24\subset1.cpp">
      <Filter>Source Files</Filter>
    </ClCompile>
    <ClCompile Include="lecture 24\sudokuSolver.cpp">
      <Filter>Source Files</Filter>
    </ClCompile>
    <ClCompile Include="lecture 24\tempCodeRunnerFile.cpp">
      <Filter>Source Files</Filter>
    </ClCompile>
    <ClCompile Include="lecture 24\trackonArray.cpp">
      <Filter>Source Files</Filter>
    </ClCompile>
    <ClCompile Include="lecture 25\list.cpp">
      <Filter>Source Files</Filter>
    </ClCompile>
    <ClCompile Include="lecture 25\ll.cpp">
      <Filter>Source Files</Filter>
    </ClCompile>
    <ClCompile Include="lecture 25\ll1.cpp">
      <Filter>Source Files</Filter>
    </ClCompile>
    <ClCompile Include="lecture 4\incomeTax.cpp">
      <Filter>Source Files</Filter>
    </ClCompile>
    <ClCompile Include="lecture 4\largest.cpp">
      <Filter>Source Files</Filter>
    </ClCompile>
    <ClCompile Include="lecture 4\oddOrevev.cpp">
      <Filter>Source Files</Filter>
    </ClCompile>
    <ClCompile Include="lecture 5\prime.cpp">
      <Filter>Source Files</Filter>
    </ClCompile>
    <ClCompile Include="lecture 5\practice ques\amstrongNumber.cpp">
      <Filter>Source Files</Filter>
    </ClCompile>
    <ClCompile Include="lecture 5\practice ques\factorial.cpp">
      <Filter>Source Files</Filter>
    </ClCompile>
    <ClCompile Include="lecture 5\practice ques\fibo.cpp">
      <Filter>Source Files</Filter>
    </ClCompile>
    <ClCompile Include="lecture 5\practice ques\multiplicationTable.cpp">
      <Filter>Source Files</Filter>
    </ClCompile>
    <ClCompile Include="lecture 5\practice ques\prime.cpp">
      <Filter>Source Files</Filter>
    </ClCompile>
    <ClCompile Include="lecture 6\floyed.cpp">
      <Filter>Source Files</Filter>
    </ClCompile>
    <ClCompile Include="lecture 6\Halfpyramid.cpp">
      <Filter>Source Files</Filter>
    </ClCompile>
    <ClCompile Include="lecture 6\Hollowrectangle.cpp">
      <Filter>Source Files</Filter>
    </ClCompile>
    <ClCompile Include="lecture 6\invertedPyramid.cpp">
      <Filter>Source Files</Filter>
    </ClCompile>
    <ClCompile Include="lecture 6\invertedStar.cpp">
      <Filter>Source Files</Filter>
    </ClCompile>
    <ClCompile Include="lecture 7\oddOreven.cpp">
      <Filter>Source Files</Filter>
    </ClCompile>
    <ClCompile Include="lecture 7\palindrome.cpp">
      <Filter>Source Files</Filter>
    </ClCompile>
    <ClCompile Include="lecture 7\prime.cpp">
      <Filter>Source Files</Filter>
    </ClCompile>
    <ClCompile Include="lecture 7\product.cpp">
      <Filter>Source Files</Filter>
    </ClCompile>
    <ClCompile Include="lecture 7\sumOfdigit.cpp">
      <Filter>Source Files</Filter>
    </ClCompile>
    <ClCompile Include="lecture 7\practice\12.cpp">
      <Filter>Source Files</Filter>
    </ClCompile>
    <ClCompile Include="lecture 7\practice\decTobin.cpp">
      <Filter>Source Files</Filter>
    </ClCompile>
    <ClCompile Include="lecture 7\practice\ist.cpp">
      <Filter>Source Files</Filter>
    </ClCompile>
    <ClCompile Include="lecture 7\practice\sumOfoddEven.cpp">
      <Filter>Source Files</Filter>
    </ClCompile>
    <ClCompile Include="lecture-26\list.cpp">
      <Filter>Source Files</Filter>
    </ClCompile>
    <ClCompile Include="lecture-27\pushAtBottom.cpp">
      <Filter>Source Files</Filter>
    </ClCompile>
    <ClCompile Include="lecture-27\stack.cpp">
      <Filter>Source Files</Filter>
    </ClCompile>
    <ClCompile Include="lecture-27\stack1.cpp">
      <Filter>Source Files</Filter>
    </ClCompile>
    <ClCompile Include="lecture-29\queue.cpp">
      <Filter>Source Files</Filter>
    </ClCompile>
    <ClCompile Include="lecture-29\queueUsingLL.cpp">
      <Filter>Source Files</Filter>
    </ClCompile>
    <ClCompile Include="lecture-29\reverseQueue.cpp">
      <Filter>Source Files</Filter>
    </ClCompile>
    <ClCompile Include="lecture-29\stackUsingTwoQueue.cpp">
      <Filter>Source Files</Filter>
    </ClCompile>
    <ClCompile Include="lecture-30\activitySelection.cpp">
      <Filter>Source Files</Filter>
    </ClCompile>
    <ClCompile Include="lecture-30\minAbsDiff.cpp">
      <Filter>Source Files</Filter>
    </ClCompile>
    <ClCompile Include="lecture-31\buildBinaryTree.cpp">
      <Filter>Source Files</Filter>
    </ClCompile>
    <ClCompile Include="lecture-31\buildBinaryTree1.cpp">
      <Filter>Source Files</Filter>
    </ClCompile>
    <ClCompile Include="lecture-31\buildbinaryTree2.cpp">
      <Filter>Source Files</Filter>
    </ClCompile>
    <ClCompile Include="lecture-31\preOrder.cpp">
      <Filter>Source Files</Filter>
    </ClCompile>
    <ClCompile Include="lecture-31\tempCodeRunnerFile.cpp">
      <Filter>Source Files</Filter>
    </ClCompile>
    <ClCompile Include="lecture-32\diameterOfTree.cpp">
      <Filter>Source Files</Filter>
    </ClCompile>
    <ClCompile Include="lecture-32\diameterOfTreeApp2.cpp">
      <Filter>Source Files</Filter>
    </ClCompile>
    <ClCompile Include="lecture-32\mapDemo.cpp">
      <Filter>Source Files</Filter>
    </ClCompile>
    <ClCompile Include="lecture-32\subtreeInTree.cpp">
      <Filter>Source Files</Filter>
    </ClCompile>
    <ClCompile Include="lecture-32\topView.cpp">
      <Filter>Source Files</Filter>
    </ClCompile>
    <ClCompile Include="lecture-33\LCA.cpp">
      <Filter>Source Files</Filter>
    </ClCompile>
    <ClCompile Include="lecture-34\buildBST.cpp">
      <Filter>Source Files</Filter>
    </ClCompile>
    <ClCompile Include="lecture-36\pqForObjects.cpp">
      <Filter>Source Files</Filter>
    </ClCompile>
    <ClCompile Include="lecture-36\priority_queue.cpp">
      <Filter>Source Files</Filter>
    </ClCompile>
    <ClCompile Include="lecture-37\heapSort.cpp">
      <Filter>Source Files</Filter>
    </ClCompile>
    <ClCompile Include="lecture-38\hashTable.cpp">
      <Filter>Source Files</Filter>
    </ClCompile>
    <ClCompile Include="lecture-38\hashTable1.cpp">
      <Filter>Source Files</Filter>
    </ClCompile>
    <ClCompile Include="lecture-38\hashTable2.cpp">
      <Filter>Source Files</Filter>
    </ClCompile>
    <ClCompile Include="lecture-38\hashTable3.cpp">
      <Filter>Source Files</Filter>
    </ClCompile>
    <ClCompile Include="lecture-38\pairSum.cpp">
      <Filter>Source Files</Filter>
    </ClCompile>
    <ClCompile Include="lecture-38\tempCodeRunnerFile.cpp">
      <Filter>Source Files</Filter>
    </ClCompile>
    <ClCompile Include="lecture-38\unordered_set.cpp">
      <Filter>Source Files</Filter>
    </ClCompile>
    <ClCompile Include="lecture-38\unordere_map.cpp">
      <Filter>Source Files</Filter>
    </ClCompile>
    <ClCompile Include="lecture-39\countDistinct.cpp">
      <Filter>Source Files</Filter>
    </ClCompile>
    <ClCompile Include="lecture-39\largestSubarrayWithSum0.cpp">
      <Filter>Source Files</Filter>
    </ClCompile>
    <ClCompile Include="lecture-39\majorityElement.cpp">
      <Filter>Source Files</Filter>
    </ClCompile>
    <ClCompile Include="lecture-39\majorityElemet1.cpp">
      <Filter>Source Files</Filter>
    </ClCompile>
    <ClCompile Include="lecture-39\tempCodeRunnerFile.cpp">
      <Filter>Source Files</Filter>
    </ClCompile>
    <ClCompile Include="lecture-39\unionArr.cpp">
      <Filter>Source Files</Filter>
    </ClCompile>
    <ClCompile Include="lecture-39\validAnagram.cpp">
      <Filter>Source Files</Filter>
    </ClCompile>
    <ClCompile Include="lecture-40\builtTrie.cpp">
      <Filter>Source Files</Filter>
    </ClCompile>
    <ClCompile Include="lecture-40\builtTrie1.cpp">
      <Filter>Source Files</Filter>
    </ClCompile>
    <ClCompile Include="lecture-40\longestWord.cpp">
      <Filter>Source Files</Filter>
    </ClCompile>
    <ClCompile Include="lecture-40\prefix.cpp">
      <Filter>Source Files</Filter>
    </ClCompile>
    <ClCompile Include="lecture-40\startsWithPrefix.cpp">
      <Filter>Source Files</Filter>
    </ClCompile>
    <ClCompile Include="lecture-40\wordBreakProblem.cpp">
      <Filter>Source Files</Filter>
    </ClCompile>
    <ClCompile Include="lecture-41\BFS.cpp">
      <Filter>Source Files</Filter>
    </ClCompile>
    <ClCompile Include="lecture-41\buildGraph.cpp">
      <Filter>Source Files</Filter>
    </ClCompile>
    <ClCompile Include="lecture-41\main.cpp">
      <Filter>Source Files</Filter>
    </ClCompile>
    <ClCompile Include="lecture-41\tempCodeRunnerFile.cpp">
      <Filter>Source Files</Filter>
    </ClCompile>
    <ClCompile Include="lecture-41\weightedGraph.cpp">
      <Filter>Source Files</Filter>
    </ClCompile>
    <ClCompile Include="lecture-42\bipartiteGraph.cpp">
      <Filter>Source Files</Filter>
    </ClCompile>
    <ClCompile Include="lecture-42\cycleDetectionDirected.cpp">
      <Filter>Source Files</Filter>
    </ClCompile>
    <ClCompile Include="lecture-42\disconnectedComponenets.cpp">
      <Filter>Source Files</Filter>
    </ClCompile>
    <ClCompile Include="lecture-43\KahnsAlgorithm.cpp">
      <Filter>Source Files</Filter>
    </ClCompile>
    <ClCompile Include="lecture-43\toologicalSortingDFS.cpp">
      <Filter>Source Files</Filter>
    </ClCompile>
    <ClCompile Include="lecture-44\dijkstraAlgorithm.cpp">
      <Filter>Source Files</Filter>
    </ClCompile>
    <ClCompile Include="lecture-44\edgeListImplementation.cpp">
      <Filter>Source Files</Filter>
    </ClCompile>
    <ClCompile Include="lecture-44\primsAlgorithm.cpp">
      <Filter>Source Files</Filter>
    </ClCompile>
    <ClCompile Include="lecture-44\wightedGraph.cpp">
      <Filter>Source Files</Filter>
    </ClCompile>
    <ClCompile Include="lecture-45\cheapestFlights.cpp">
      <Filter>Source Files</Filter>
    </ClCompile>
    <ClCompile Include="oops concept\class.cpp">
      <Filter>Source Files</Filter>
    </ClCompile>
    <ClCompile Include="oops concept\encapsulation.cpp">
      <Filter>Source Files</Filter>
    </ClCompile>
    <ClCompile Include="oops concept\Hero.cpp">
      <Filter>Source Files</Filter>
    </ClCompile>
    <ClCompile Include="oops concept\list.cpp">
      <Filter>Source Files</Filter>
    </ClCompile>
    <ClCompile Include="oops concept\list1.cpp">
      <Filter>Source Files</Filter>
    </ClCompile>
    <ClCompile Include="pattern questions\pyramid.cpp">
      <Filter>Source Files</Filter>
    </ClCompile>
    <ClCompile Include="practice ques\amsNumber.cpp">
      <Filter>Source Files</Filter>
    </ClCompile>
    <ClCompile Include="practice ques\clearlastIbits.cpp">
      <Filter>Source Files</Filter>
    </ClCompile>
    <ClCompile Include="practice ques\countsetbits.cpp">
      <Filter>Source Files</Filter>
    </ClCompile>
    <ClCompile Include="practice ques\evenOrodd.cpp">
      <Filter>Source Files</Filter>
    </ClCompile>
    <ClCompile Include="practice ques\Fact.cpp">
      <Filter>Source Files</Filter>
    </ClCompile>
    <ClCompile Include="practice ques\largest.cpp">
      <Filter>Source Files</Filter>
    </ClCompile>
    <ClCompile Include="practice ques\multiple.cpp">
      <Filter>Source Files</Filter>
    </ClCompile>
    <ClCompile Include="practice ques\practice.cpp">
      <Filter>Source Files</Filter>
    </ClCompile>
    <ClCompile Include="practice ques\prime.cpp">
      <Filter>Source Files</Filter>
    </ClCompile>
    <ClCompile Include="practice ques\lecture 15\2Darray.cpp">
      <Filter>Source Files</Filter>
    </ClCompile>
    <ClCompile Include="practice ques\lecture 15\2dArray1.cpp">
      <Filter>Source Files</Filter>
    </ClCompile>
    <ClCompile Include="practice ques\lecture 15\2dVector.cpp">
      <Filter>Source Files</Filter>
    </ClCompile>
    <ClCompile Include="practice ques\lecture 15\2dvector1.cpp">
      <Filter>Source Files</Filter>
    </ClCompile>
    <ClCompile Include="practice ques\lecture 15\dynamicArray.cpp">
      <Filter>Source Files</Filter>
    </ClCompile>
    <ClCompile Include="practice ques\lecture 15\memoeryAllocation.cpp">
      <Filter>Source Files</Filter>
    </ClCompile>
    <ClCompile Include="practice ques\lecture 15\pairsum.cpp">
      <Filter>Source Files</Filter>
    </ClCompile>
    <ClCompile Include="practice ques\lecture 15\paiSum1.cpp">
      <Filter>Source Files</Filter>
    </ClCompile>
    <ClCompile Include="practice ques\lecture 16\clearIthbit.cpp">
      <Filter>Source Files</Filter>
    </ClCompile>
    <ClCompile Include="practice ques\lecture 16\getIthbit.cpp">
      <Filter>Source Files</Filter>
    </ClCompile>
    <ClCompile Include="practice ques\lecture 16\oddOreven.cpp">
      <Filter>Source Files</Filter>
    </ClCompile>
    <ClCompile Include="practice ques\lecture 16\powerOf2.cpp">
      <Filter>Source Files</Filter>
    </ClCompile>
    <ClCompile Include="practice ques\lecture 16\setIthbit.cpp">
      <Filter>Source Files</Filter>
    </ClCompile>
    <ClCompile Include="practice ques\lecture 16\updateIthbit.cpp">
      <Filter>Source Files</Filter>
    </ClCompile>
    <ClCompile Include="revision\reverse.cpp">
      <Filter>Source Files</Filter>
    </ClCompile>
    <ClCompile Include="revision\array\subArray.cpp">
      <Filter>Source Files</Filter>
    </ClCompile>
    <ClCompile Include="revision\linear search\1.cpp">
      <Filter>Source Files</Filter>
    </ClCompile>
    <ClCompile Include="revision\linear search\2.cpp">
      <Filter>Source Files</Filter>
    </ClCompile>
  </ItemGroup>
  <ItemGroup>
    <None Include="revision\linear search\index.html" />
  </ItemGroup>
</Project>